{
  "version": "2",
  "remote": {
    "https://deno.land/std@0.145.0/async/abortable.ts": "87aa7230be8360c24ad437212311c9e8d4328854baec27b4c7abb26e85515c06",
    "https://deno.land/std@0.145.0/async/deadline.ts": "48ac998d7564969f3e6ec6b6f9bf0217ebd00239b1b2292feba61272d5dd58d0",
    "https://deno.land/std@0.145.0/async/debounce.ts": "564273ef242bcfcda19a439132f940db8694173abffc159ea34f07d18fc42620",
    "https://deno.land/std@0.145.0/async/deferred.ts": "bc18e28108252c9f67dfca2bbc4587c3cbf3aeb6e155f8c864ca8ecff992b98a",
    "https://deno.land/std@0.145.0/async/delay.ts": "cbbdf1c87d1aed8edc7bae13592fb3e27e3106e0748f089c263390d4f49e5f6c",
    "https://deno.land/std@0.145.0/async/mod.ts": "9852cd8ed897ab2d41a8fbee611d574e97898327db5c19d9d58e41126473f02c",
    "https://deno.land/std@0.145.0/async/mux_async_iterator.ts": "5b4aca6781ad0f2e19ccdf1d1a1c092ccd3e00d52050d9c27c772658c8367256",
    "https://deno.land/std@0.145.0/async/pool.ts": "ef9eb97b388543acbf0ac32647121e4dbe629236899586c4d4311a8770fbb239",
    "https://deno.land/std@0.145.0/async/tee.ts": "bcfae0017ebb718cf4eef9e2420e8675d91cb1bcc0ed9b668681af6e6caad846",
    "https://deno.land/std@0.145.0/http/server.ts": "0b0a9f3abfcfecead944b31ee9098a0c11a59b0495bf873ee200eb80e7441483",
    "https://deno.land/x/hono@v2.5.5/compose.ts": "6cf42a9779df9bb53294f796f07796961e2d70ed348cf0dd334669ac2de2fd95",
    "https://deno.land/x/hono@v2.5.5/context.ts": "d2329c68905d50f44b1be14eaef4143c796af41a7c22f7ad8f6382f2afa7e469",
    "https://deno.land/x/hono@v2.5.5/hono.ts": "2486d813eca2f629a71b67c9543b3261b4cb9997123b835906b3b7c223b4ce0d",
    "https://deno.land/x/hono@v2.5.5/middleware/jsx/index.ts": "10978f16a3747b77b6b56859e750a0896d7b1369056d34b77934498d65c82598",
    "https://deno.land/x/hono@v2.5.5/mod.ts": "4def73aa535cc0a4d9caea71d9cc6041e51aa82120644adf6c3377b85b09693d",
    "https://deno.land/x/hono@v2.5.5/request.ts": "6e728cc022e0f1aaf32cb1230394e1582fc9d639a3e70e41bc0ca51acc674d73",
    "https://deno.land/x/hono@v2.5.5/router.ts": "21448bc2e6019574c10fae11237da4367037fa107e68bf3d049cd2fd0efd2adb",
    "https://deno.land/x/hono@v2.5.5/router/reg-exp-router/index.ts": "52755829213941756159b7a963097bafde5cc4fc22b13b1c7c9184dc0512d1db",
    "https://deno.land/x/hono@v2.5.5/router/reg-exp-router/node.ts": "08bb532ffe43e6e11510f9f66122baef43288f05f592b17987fc3a2dc195251a",
    "https://deno.land/x/hono@v2.5.5/router/reg-exp-router/router.ts": "abdbdd8c28f5cc4523a066bb4ccdac380a4026b5dfa1179f5564788b7d1c0310",
    "https://deno.land/x/hono@v2.5.5/router/reg-exp-router/trie.ts": "ab8a4ec6c3cdfdbcd1f53130db28b6174318bdfa815d57c792154203e71bc3d2",
    "https://deno.land/x/hono@v2.5.5/router/smart-router/index.ts": "74f9b4fe15ea535900f2b9b048581915f12fe94e531dd2b0032f5610e61c3bef",
    "https://deno.land/x/hono@v2.5.5/router/smart-router/router.ts": "1d54f5c87875d856ed5fc2d22a100e1ff31debe3e9d8e9b1cc18d8e5706239f2",
    "https://deno.land/x/hono@v2.5.5/router/static-router/index.ts": "f31aaebff3b2b05f00946d3a8b688289a43b5c2bfb124e54ffadeee6a24a1b52",
    "https://deno.land/x/hono@v2.5.5/router/static-router/router.ts": "75a15b2964dc90a46aed7b313f8760b60af5d5e8a819c3a948b4ad8d3fdb7662",
    "https://deno.land/x/hono@v2.5.5/router/trie-router/index.ts": "3eb75e7f71ba81801631b30de6b1f5cefb2c7239c03797e2b2cbab5085911b41",
    "https://deno.land/x/hono@v2.5.5/router/trie-router/node.ts": "c96b96b57c8bf15093752939becdf99e3ee5d7cdb4304e5e44fa9ab090462ab0",
    "https://deno.land/x/hono@v2.5.5/router/trie-router/router.ts": "0a969528a0c1680b552b20f0ca90e484e968ac279be9d5fd952b61a804d680e7",
    "https://deno.land/x/hono@v2.5.5/types.ts": "3ef12bf7edabc0b7e71d7fccc72d3f4d54b1677374bbab9565f4d3e1835d0200",
    "https://deno.land/x/hono@v2.5.5/utils/body.ts": "095afd5b9cd8458bb78353479911a428a23acbef1ffd545483f7b051c08a9fc0",
    "https://deno.land/x/hono@v2.5.5/utils/cookie.ts": "545872bd7af3b455c24fd386ecbccfd161e7d4a0038d6b09b1bb22723602f90a",
    "https://deno.land/x/hono@v2.5.5/utils/html.ts": "636c4a04eaea1c52c14a37cd28d83cba66b293d1e31420a4475e951268901ae4",
    "https://deno.land/x/hono@v2.5.5/utils/http-status.ts": "2d6003e352c1fe918db663fa4bd2b20bf0b9d4e1699ba5e163f317f00b29d938",
    "https://deno.land/x/hono@v2.5.5/utils/json.ts": "ae34c6191e7a844f04a95efaffb177b6a15a3bc5b17321c5679081940df6ab1d",
    "https://deno.land/x/hono@v2.5.5/utils/url.ts": "120cfd1297f91dc269454ad4bc3fabb54593cd9994ec2e6c4f56b6d9018419a0",
    "https://deno.land/x/hono@v2.5.5/validator/rule.ts": "34247d9977e1cd7bfa376e6e25a48639686b899301d6f773d6913faa991413e1",
    "https://deno.land/x/hono@v2.5.5/validator/sanitizer.ts": "da03fdd70baa6d2f178d616a9f35cea1028a15d1429339ee3c3f9eff9aded38f",
    "https://deno.land/x/hono@v2.5.5/validator/schema.ts": "d271be232a223b66bdb946995891a4ab22d8d9067ab2573a181133bedfb8f209",
    "https://deno.land/x/hono@v2.5.5/validator/validator.ts": "66162646d499e91536fadecf064f5f08ee6542d7027da4d58e6153bd4c6c89da"
  }
}
